
Microsoft Visual Studio Solution File, Format Version 12.00
# Visual Studio Version 17
VisualStudioVersion = 17.3.32804.467
MinimumVisualStudioVersion = 10.0.40219.1
Project("{FAE04EC0-301F-11D3-BF4B-00C04F79EFBC}") = "DateTimePicker", "DateTimePicker\DateTimePicker.csproj", "{515F9DB4-EBBB-4279-B619-6D370E70FB22}"
EndProject
Global
	GlobalSection(SolutionConfigurationPlatforms) = preSolution
		Debug|Any CPU = Debug|Any CPU
		Release|Any CPU = Release|Any CPU
	EndGlobalSection
	GlobalSection(ProjectConfigurationPlatforms) = postSolution
		{515F9DB4-EBBB-4279-B619-6D370E70FB22}.Debug|Any CPU.ActiveCfg = Debug|Any CPU
		{515F9DB4-EBBB-4279-B619-6D370E70FB22}.Debug|Any CPU.Build.0 = Debug|Any CPU
		{515F9DB4-EBBB-4279-B619-6D370E70FB22}.Release|Any CPU.ActiveCfg = Release|Any CPU
		{515F9DB4-EBBB-4279-B619-6D370E70FB22}.Release|Any CPU.Build.0 = Release|Any CPU
	EndGlobalSection
	GlobalSection(SolutionProperties) = preSolution
		HideSolutionNode = FALSE
	EndGlobalSection
	GlobalSection(ExtensibilityGlobals) = postSolution
		SolutionGuid = {CCD61707-0B69-44D8-992E-CA4388B1FDD4}
	EndGlobalSection
EndGlobal
